
Microsoft Visual Studio Solution File, Format Version 12.00
# Visual Studio Version 17
VisualStudioVersion = 17.14.36109.1 d17.14
MinimumVisualStudioVersion = 10.0.40219.1
Project("{FAE04EC0-301F-11D3-BF4B-00C04F79EFBC}") = "UI", "UI\UI.csproj", "{B6D51581-734D-4D4F-867C-69E652448722}"
EndProject
Project("{FAE04EC0-301F-11D3-BF4B-00C04F79EFBC}") = "HeroMicroService", "HeroMicroService\HeroMicroService.csproj", "{77F542B7-547D-4996-A11C-2220E92D51B0}"
EndProject
Project("{FAE04EC0-301F-11D3-BF4B-00C04F79EFBC}") = "ProPlayersMicroService", "ProPlayersMicroService\ProPlayersMicroService.csproj", "{B0025C84-AEFE-4D33-9147-1BC61415B882}"
EndProject
Project("{FAE04EC0-301F-11D3-BF4B-00C04F79EFBC}") = "ProTeamsMicroService", "ProTeamsMicroService\ProTeamsMicroService.csproj", "{68397489-5501-47E1-B85D-C688C040A3E4}"
EndProject
Global
	GlobalSection(SolutionConfigurationPlatforms) = preSolution
		Debug|Any CPU = Debug|Any CPU
		Release|Any CPU = Release|Any CPU
	EndGlobalSection
	GlobalSection(ProjectConfigurationPlatforms) = postSolution
		{B6D51581-734D-4D4F-867C-69E652448722}.Debug|Any CPU.ActiveCfg = Debug|Any CPU
		{B6D51581-734D-4D4F-867C-69E652448722}.Debug|Any CPU.Build.0 = Debug|Any CPU
		{B6D51581-734D-4D4F-867C-69E652448722}.Release|Any CPU.ActiveCfg = Release|Any CPU
		{B6D51581-734D-4D4F-867C-69E652448722}.Release|Any CPU.Build.0 = Release|Any CPU
		{77F542B7-547D-4996-A11C-2220E92D51B0}.Debug|Any CPU.ActiveCfg = Debug|Any CPU
		{77F542B7-547D-4996-A11C-2220E92D51B0}.Debug|Any CPU.Build.0 = Debug|Any CPU
		{77F542B7-547D-4996-A11C-2220E92D51B0}.Release|Any CPU.ActiveCfg = Release|Any CPU
		{77F542B7-547D-4996-A11C-2220E92D51B0}.Release|Any CPU.Build.0 = Release|Any CPU
		{B0025C84-AEFE-4D33-9147-1BC61415B882}.Debug|Any CPU.ActiveCfg = Debug|Any CPU
		{B0025C84-AEFE-4D33-9147-1BC61415B882}.Debug|Any CPU.Build.0 = Debug|Any CPU
		{B0025C84-AEFE-4D33-9147-1BC61415B882}.Release|Any CPU.ActiveCfg = Release|Any CPU
		{B0025C84-AEFE-4D33-9147-1BC61415B882}.Release|Any CPU.Build.0 = Release|Any CPU
		{68397489-5501-47E1-B85D-C688C040A3E4}.Debug|Any CPU.ActiveCfg = Debug|Any CPU
		{68397489-5501-47E1-B85D-C688C040A3E4}.Debug|Any CPU.Build.0 = Debug|Any CPU
		{68397489-5501-47E1-B85D-C688C040A3E4}.Release|Any CPU.ActiveCfg = Release|Any CPU
		{68397489-5501-47E1-B85D-C688C040A3E4}.Release|Any CPU.Build.0 = Release|Any CPU
	EndGlobalSection
	GlobalSection(SolutionProperties) = preSolution
		HideSolutionNode = FALSE
	EndGlobalSection
	GlobalSection(ExtensibilityGlobals) = postSolution
		SolutionGuid = {5B3ADA46-9AB4-4C50-9EED-966B6435A64A}
	EndGlobalSection
EndGlobal
